lockfileVersion: '6.0'

settings:
  autoInstallPeers: true
  excludeLinksFromLockfile: false

dependencies:
  '@parcel/bundler-default':
    specifier: ^2.10.1
    version: 2.10.1(@parcel/core@2.10.1)
  '@parcel/compressor-raw':
    specifier: ^2.10.1
    version: 2.10.1(@parcel/core@2.10.1)
  '@parcel/core':
    specifier: ^2.10.1
    version: 2.10.1
  '@parcel/namer-default':
    specifier: ^2.10.1
    version: 2.10.1(@parcel/core@2.10.1)
  '@parcel/optimizer-swc':
    specifier: ^2.10.1
    version: 2.10.1(@parcel/core@2.10.1)
  '@parcel/packager-js':
    specifier: ^2.10.1
    version: 2.10.1(@parcel/core@2.10.1)
  '@parcel/packager-raw':
    specifier: ^2.10.1
    version: 2.10.1(@parcel/core@2.10.1)
  '@parcel/resolver-default':
    specifier: ^2.10.1
    version: 2.10.1(@parcel/core@2.10.1)
  '@parcel/runtime-js':
    specifier: ^2.10.1
    version: 2.10.1(@parcel/core@2.10.1)
  '@parcel/transformer-babel':
    specifier: ^2.10.1
    version: 2.10.1(@parcel/core@2.10.1)
  '@parcel/transformer-js':
    specifier: ^2.10.1
    version: 2.10.1(@parcel/core@2.10.1)
  '@parcel/transformer-json':
    specifier: ^2.10.1
    version: 2.10.1(@parcel/core@2.10.1)
  '@parcel/transformer-raw':
    specifier: ^2.10.1
    version: 2.10.1(@parcel/core@2.10.1)

packages:

  /@lezer/common@1.1.0:
    resolution: {integrity: sha512-XPIN3cYDXsoJI/oDWoR2tD++juVrhgIago9xyKhZ7IhGlzdDM9QgC8D8saKNCz5pindGcznFr2HBSsEQSWnSjw==}
    dev: false

  /@lezer/lr@1.3.13:
    resolution: {integrity: sha512-RLAbau/4uSzKgIKj96mI5WUtG1qtiR0Frn0Ei9zhPj8YOkHM+1Bb8SgdVvmR/aWJCFIzjo2KFnDiRZ75Xf5NdQ==}
    dependencies:
      '@lezer/common': 1.1.0
    dev: false

  /@lmdb/lmdb-darwin-arm64@2.8.5:
    resolution: {integrity: sha512-KPDeVScZgA1oq0CiPBcOa3kHIqU+pTOwRFDIhxvmf8CTNvqdZQYp5cCKW0bUk69VygB2PuTiINFWbY78aR2pQw==}
    cpu: [arm64]
    os: [darwin]
    requiresBuild: true
    dev: false
    optional: true

  /@lmdb/lmdb-darwin-x64@2.8.5:
    resolution: {integrity: sha512-w/sLhN4T7MW1nB3R/U8WK5BgQLz904wh+/SmA2jD8NnF7BLLoUgflCNxOeSPOWp8geP6nP/+VjWzZVip7rZ1ug==}
    cpu: [x64]
    os: [darwin]
    requiresBuild: true
    dev: false
    optional: true

  /@lmdb/lmdb-linux-arm64@2.8.5:
    resolution: {integrity: sha512-vtbZRHH5UDlL01TT5jB576Zox3+hdyogvpcbvVJlmU5PdL3c5V7cj1EODdh1CHPksRl+cws/58ugEHi8bcj4Ww==}
    cpu: [arm64]
    os: [linux]
    requiresBuild: true
    dev: false
    optional: true

  /@lmdb/lmdb-linux-arm@2.8.5:
    resolution: {integrity: sha512-c0TGMbm2M55pwTDIfkDLB6BpIsgxV4PjYck2HiOX+cy/JWiBXz32lYbarPqejKs9Flm7YVAKSILUducU9g2RVg==}
    cpu: [arm]
    os: [linux]
    requiresBuild: true
    dev: false
    optional: true

  /@lmdb/lmdb-linux-x64@2.8.5:
    resolution: {integrity: sha512-Xkc8IUx9aEhP0zvgeKy7IQ3ReX2N8N1L0WPcQwnZweWmOuKfwpS3GRIYqLtK5za/w3E60zhFfNdS+3pBZPytqQ==}
    cpu: [x64]
    os: [linux]
    requiresBuild: true
    dev: false
    optional: true

  /@lmdb/lmdb-win32-x64@2.8.5:
    resolution: {integrity: sha512-4wvrf5BgnR8RpogHhtpCPJMKBmvyZPhhUtEwMJbXh0ni2BucpfF07jlmyM11zRqQ2XIq6PbC2j7W7UCCcm1rRQ==}
    cpu: [x64]
    os: [win32]
    requiresBuild: true
    dev: false
    optional: true

  /@mischnic/json-sourcemap@0.1.1:
    resolution: {integrity: sha512-iA7+tyVqfrATAIsIRWQG+a7ZLLD0VaOCKV2Wd/v4mqIU3J9c4jx9p7S0nw1XH3gJCKNBOOwACOPYYSUu9pgT+w==}
    engines: {node: '>=12.0.0'}
    dependencies:
      '@lezer/common': 1.1.0
      '@lezer/lr': 1.3.13
      json5: 2.2.3
    dev: false

  /@msgpackr-extract/msgpackr-extract-darwin-arm64@3.0.2:
    resolution: {integrity: sha512-9bfjwDxIDWmmOKusUcqdS4Rw+SETlp9Dy39Xui9BEGEk19dDwH0jhipwFzEff/pFg95NKymc6TOTbRKcWeRqyQ==}
    cpu: [arm64]
    os: [darwin]
    requiresBuild: true
    dev: false
    optional: true

  /@msgpackr-extract/msgpackr-extract-darwin-x64@3.0.2:
    resolution: {integrity: sha512-lwriRAHm1Yg4iDf23Oxm9n/t5Zpw1lVnxYU3HnJPTi2lJRkKTrps1KVgvL6m7WvmhYVt/FIsssWay+k45QHeuw==}
    cpu: [x64]
    os: [darwin]
    requiresBuild: true
    dev: false
    optional: true

  /@msgpackr-extract/msgpackr-extract-linux-arm64@3.0.2:
    resolution: {integrity: sha512-FU20Bo66/f7He9Fp9sP2zaJ1Q8L9uLPZQDub/WlUip78JlPeMbVL8546HbZfcW9LNciEXc8d+tThSJjSC+tmsg==}
    cpu: [arm64]
    os: [linux]
    requiresBuild: true
    dev: false
    optional: true

  /@msgpackr-extract/msgpackr-extract-linux-arm@3.0.2:
    resolution: {integrity: sha512-MOI9Dlfrpi2Cuc7i5dXdxPbFIgbDBGgKR5F2yWEa6FVEtSWncfVNKW5AKjImAQ6CZlBK9tympdsZJ2xThBiWWA==}
    cpu: [arm]
    os: [linux]
    requiresBuild: true
    dev: false
    optional: true

  /@msgpackr-extract/msgpackr-extract-linux-x64@3.0.2:
    resolution: {integrity: sha512-gsWNDCklNy7Ajk0vBBf9jEx04RUxuDQfBse918Ww+Qb9HCPoGzS+XJTLe96iN3BVK7grnLiYghP/M4L8VsaHeA==}
    cpu: [x64]
    os: [linux]
    requiresBuild: true
    dev: false
    optional: true

  /@msgpackr-extract/msgpackr-extract-win32-x64@3.0.2:
    resolution: {integrity: sha512-O+6Gs8UeDbyFpbSh2CPEz/UOrrdWPTBYNblZK5CxxLisYt4kGX3Sc+czffFonyjiGSq3jWLwJS/CCJc7tBr4sQ==}
    cpu: [x64]
    os: [win32]
    requiresBuild: true
    dev: false
    optional: true

  /@parcel/bundler-default@2.10.1(@parcel/core@2.10.1):
    resolution: {integrity: sha512-R+0xfFoEkwGJ/6xYEFPvifd8zzatHz/YC7+IQLluxxutSJFhDcyewBfFkUgqlSJkYlSFRohS+w0T5y4V6T97Yw==}
    engines: {node: '>= 12.0.0', parcel: ^2.10.1}
    dependencies:
      '@parcel/diagnostic': 2.10.1
      '@parcel/graph': 3.0.1
      '@parcel/plugin': 2.10.1(@parcel/core@2.10.1)
      '@parcel/rust': 2.10.1
      '@parcel/utils': 2.10.1
      nullthrows: 1.1.1
    transitivePeerDependencies:
      - '@parcel/core'
    dev: false

  /@parcel/cache@2.10.1(@parcel/core@2.10.1):
    resolution: {integrity: sha512-qMJ6iMUIG9Ao42JSnDOuAzmEj6xGTrqKmz0tTgwbAhEaIjo974t0PAzOop+Ai074H12uZ1pWe6TvoL+qqJz8gg==}
    engines: {node: '>= 12.0.0'}
    peerDependencies:
      '@parcel/core': ^2.10.1
    dependencies:
      '@parcel/core': 2.10.1
      '@parcel/fs': 2.10.1(@parcel/core@2.10.1)
      '@parcel/logger': 2.10.1
      '@parcel/utils': 2.10.1
      lmdb: 2.8.5
    dev: false

  /@parcel/codeframe@2.10.1:
    resolution: {integrity: sha512-CyAJJGyFJ6TIU2onxbK4VVmtXnCpVdSZobbCyRPYkHKQfqlarnjeQXZHBLnsBX1qviF4VGXp4ePgcsyiaFxWZg==}
    engines: {node: '>= 12.0.0'}
    dependencies:
      chalk: 4.1.2
    dev: false

  /@parcel/compressor-raw@2.10.1(@parcel/core@2.10.1):
    resolution: {integrity: sha512-dBDmMhl7E8Cs0i4nvsg/9mWqqfI0qKL6J7jLYQFn+oubJXS1WZCmtIGwlrYT5rw8NouaLJCoN62ahb2SmhuKqw==}
    engines: {node: '>= 12.0.0', parcel: ^2.10.1}
    dependencies:
      '@parcel/plugin': 2.10.1(@parcel/core@2.10.1)
    transitivePeerDependencies:
      - '@parcel/core'
    dev: false

  /@parcel/core@2.10.1:
    resolution: {integrity: sha512-d3ufgqp3nfxJJLFLiGccX3C2paF/mWFjhjltoLmeqtdR3SFfS8z1ysrC7WJqBlwHFwBtL8ZqjPquekGmaH2LoQ==}
    engines: {node: '>= 12.0.0'}
    dependencies:
      '@mischnic/json-sourcemap': 0.1.1
      '@parcel/cache': 2.10.1(@parcel/core@2.10.1)
      '@parcel/diagnostic': 2.10.1
      '@parcel/events': 2.10.1
      '@parcel/fs': 2.10.1(@parcel/core@2.10.1)
      '@parcel/graph': 3.0.1
      '@parcel/logger': 2.10.1
      '@parcel/package-manager': 2.10.1(@parcel/core@2.10.1)
      '@parcel/plugin': 2.10.1(@parcel/core@2.10.1)
      '@parcel/profiler': 2.10.1
      '@parcel/rust': 2.10.1
      '@parcel/source-map': 2.1.1
      '@parcel/types': 2.10.1(@parcel/core@2.10.1)
      '@parcel/utils': 2.10.1
      '@parcel/workers': 2.10.1(@parcel/core@2.10.1)
      abortcontroller-polyfill: 1.7.5
      base-x: 3.0.9
      browserslist: 4.22.1
      clone: 2.1.2
      dotenv: 7.0.0
      dotenv-expand: 5.1.0
      json5: 2.2.3
      msgpackr: 1.9.9
      nullthrows: 1.1.1
      semver: 7.5.4
    dev: false

  /@parcel/diagnostic@2.10.1:
    resolution: {integrity: sha512-PzYIyqg9QrIInPdfc4kellhfm0OlzylSvmDPfCCGlIdOnhFX5qqzaZkNAdFL1j4R4KwVqo90aeAy4I8AERRfaw==}
    engines: {node: '>= 12.0.0'}
    dependencies:
      '@mischnic/json-sourcemap': 0.1.1
      nullthrows: 1.1.1
    dev: false

  /@parcel/events@2.10.1:
    resolution: {integrity: sha512-QONtaYl6YOZEbhpRFJ14OfnMu/rpUA2HlnhySTDdrv4N6vAiwbTIBhAAKqbQQNaRYH6OeKo9JSuXKggCFJr9Ag==}
    engines: {node: '>= 12.0.0'}
    dev: false

  /@parcel/fs@2.10.1(@parcel/core@2.10.1):
    resolution: {integrity: sha512-LLSaXj3oG4uCAUktcsXpzaK0AhT+vXLwCkechSuu88vrHpGOLHLnO/VkRsMNskWPjX9jAXbYRRX1x6uacdf04g==}
    engines: {node: '>= 12.0.0'}
    peerDependencies:
      '@parcel/core': ^2.10.1
    dependencies:
      '@parcel/core': 2.10.1
      '@parcel/rust': 2.10.1
      '@parcel/types': 2.10.1(@parcel/core@2.10.1)
      '@parcel/utils': 2.10.1
      '@parcel/watcher': 2.3.0
      '@parcel/workers': 2.10.1(@parcel/core@2.10.1)
    dev: false

  /@parcel/graph@3.0.1:
    resolution: {integrity: sha512-ymxlM2FEayLIQ+WaMR9ud188Jq0rS7omQgoywhCMhFRGyOqnZlLxGtCnZ20P0/1wtb11q5y6/UzpGiMfCu2OQg==}
    engines: {node: '>= 12.0.0'}
    dependencies:
      nullthrows: 1.1.1
    dev: false

  /@parcel/logger@2.10.1:
    resolution: {integrity: sha512-o9Qi2HB/7T3hqCI2+nUYaHPk8fGNMxdUADh13iOycmGf3gKrno/t67P9dECnD9M5+YZK52R/8MRS0/SPaERC6g==}
    engines: {node: '>= 12.0.0'}
    dependencies:
      '@parcel/diagnostic': 2.10.1
      '@parcel/events': 2.10.1
    dev: false

  /@parcel/markdown-ansi@2.10.1:
    resolution: {integrity: sha512-UYdrZWlUy3w5hr+k0KToshGZONWP1M9+ld4i2vl12/v32FNX20zc15BnnKqheY7X/ZuLdqlVyMR7P+Q5Z7RMwQ==}
    engines: {node: '>= 12.0.0'}
    dependencies:
      chalk: 4.1.2
    dev: false

  /@parcel/namer-default@2.10.1(@parcel/core@2.10.1):
    resolution: {integrity: sha512-sYQswJ6ySFSld29EOYRj2hxhxj4qgnApUY44+0woWMvhkFdu/N+hbeZzS/d2owC/sfeE0lwiaLpcQEkhBsEqHw==}
    engines: {node: '>= 12.0.0', parcel: ^2.10.1}
    dependencies:
      '@parcel/diagnostic': 2.10.1
      '@parcel/plugin': 2.10.1(@parcel/core@2.10.1)
      nullthrows: 1.1.1
    transitivePeerDependencies:
      - '@parcel/core'
    dev: false

  /@parcel/node-resolver-core@3.1.1(@parcel/core@2.10.1):
    resolution: {integrity: sha512-LliCQ024WYGcmFt9zVvpzeHuMTvqywtDV7/HOtp2OS3up2pt7ryQwA/5OyrEYgeo+4pUHxlPDi9z1fm0AUCWQA==}
    engines: {node: '>= 12.0.0'}
    dependencies:
      '@mischnic/json-sourcemap': 0.1.1
      '@parcel/diagnostic': 2.10.1
      '@parcel/fs': 2.10.1(@parcel/core@2.10.1)
      '@parcel/rust': 2.10.1
      '@parcel/utils': 2.10.1
      nullthrows: 1.1.1
      semver: 7.5.4
    transitivePeerDependencies:
      - '@parcel/core'
    dev: false

  /@parcel/optimizer-swc@2.10.1(@parcel/core@2.10.1):
    resolution: {integrity: sha512-NMHvZ3zdk/uVeW8eiDIRlLdooUo27SO7LipyK7b5+Dpyn0Sxx5L9zgoQSlfvbmkgoAyj4Te3Usu8sDqUH+gpow==}
    engines: {node: '>= 12.0.0', parcel: ^2.10.1}
    dependencies:
      '@parcel/diagnostic': 2.10.1
      '@parcel/plugin': 2.10.1(@parcel/core@2.10.1)
      '@parcel/source-map': 2.1.1
      '@parcel/utils': 2.10.1
      '@swc/core': 1.3.95
      nullthrows: 1.1.1
    transitivePeerDependencies:
      - '@parcel/core'
      - '@swc/helpers'
    dev: false

  /@parcel/package-manager@2.10.1(@parcel/core@2.10.1):
    resolution: {integrity: sha512-Zv7gO/XEDya+D5lrlyQtn99BuUko45WxNBcnBQ4eGSpVoyOP/KnlAMYmk1DPPsXZEnnWeOnDC+R5DP0x9jJR2Q==}
    engines: {node: '>= 12.0.0'}
    peerDependencies:
      '@parcel/core': ^2.10.1
    dependencies:
      '@parcel/core': 2.10.1
      '@parcel/diagnostic': 2.10.1
      '@parcel/fs': 2.10.1(@parcel/core@2.10.1)
      '@parcel/logger': 2.10.1
      '@parcel/node-resolver-core': 3.1.1(@parcel/core@2.10.1)
      '@parcel/types': 2.10.1(@parcel/core@2.10.1)
      '@parcel/utils': 2.10.1
      '@parcel/workers': 2.10.1(@parcel/core@2.10.1)
      semver: 7.5.4
    dev: false

  /@parcel/packager-js@2.10.1(@parcel/core@2.10.1):
    resolution: {integrity: sha512-uBHlv/rCNzIDAwisCgkY+ZFJ5zm/CcJLvelauszQdUZr1962mRKxObBhc7t8UecIzRksGQHVBFlBcHlxPDzzHA==}
    engines: {node: '>= 12.0.0', parcel: ^2.10.1}
    dependencies:
      '@parcel/diagnostic': 2.10.1
      '@parcel/plugin': 2.10.1(@parcel/core@2.10.1)
      '@parcel/rust': 2.10.1
      '@parcel/source-map': 2.1.1
      '@parcel/types': 2.10.1(@parcel/core@2.10.1)
      '@parcel/utils': 2.10.1
      globals: 13.23.0
      nullthrows: 1.1.1
    transitivePeerDependencies:
      - '@parcel/core'
    dev: false

  /@parcel/packager-raw@2.10.1(@parcel/core@2.10.1):
    resolution: {integrity: sha512-ViPPF1Ra8FFax5p/R3zEXi+zIfB9eBRwrN42jS6zsXzXMvvIvxvpGcNbmhMU76yM/rngdKSaOGHWCZWXORHsUg==}
    engines: {node: '>= 12.0.0', parcel: ^2.10.1}
    dependencies:
      '@parcel/plugin': 2.10.1(@parcel/core@2.10.1)
    transitivePeerDependencies:
      - '@parcel/core'
    dev: false

  /@parcel/plugin@2.10.1(@parcel/core@2.10.1):
    resolution: {integrity: sha512-fhsWI5dzsmkQ2ye6jArDMiObw4yBkp3UoqAYCG/pGSsGXDpn8N0tOknRfycH509CGvw6ooGg6LORhFgak4cjDw==}
    engines: {node: '>= 12.0.0'}
    dependencies:
      '@parcel/types': 2.10.1(@parcel/core@2.10.1)
    transitivePeerDependencies:
      - '@parcel/core'
    dev: false

  /@parcel/profiler@2.10.1:
    resolution: {integrity: sha512-3jE+v2T9hAV+eeEI09dtN1J4j7fi4x4wTr1vQomUy3ipcxMchHH7su5Ru/qw6sNeOStKsZemHXAoisQs+Urkiw==}
    engines: {node: '>= 12.0.0'}
    dependencies:
      '@parcel/diagnostic': 2.10.1
      '@parcel/events': 2.10.1
      chrome-trace-event: 1.0.3
    dev: false

  /@parcel/resolver-default@2.10.1(@parcel/core@2.10.1):
    resolution: {integrity: sha512-X8yIodBVibZQh6WXLpBqIJVpRlmXTQ7248pSNZkCs9J/UbhtQzxqz6oq5agY7nOCkxv5Wa2rF+P/PR6Qs2WCKw==}
    engines: {node: '>= 12.0.0', parcel: ^2.10.1}
    dependencies:
      '@parcel/node-resolver-core': 3.1.1(@parcel/core@2.10.1)
      '@parcel/plugin': 2.10.1(@parcel/core@2.10.1)
    transitivePeerDependencies:
      - '@parcel/core'
    dev: false

  /@parcel/runtime-js@2.10.1(@parcel/core@2.10.1):
    resolution: {integrity: sha512-wSu5o6ABO3XTwAHoLbrxXDSWN8aykb2iaCULwjBjzYd2zATTdtMRo3Tnl8N9+PwOXLBgDS0qvRpqMOLxNNDeuQ==}
    engines: {node: '>= 12.0.0', parcel: ^2.10.1}
    dependencies:
      '@parcel/diagnostic': 2.10.1
      '@parcel/plugin': 2.10.1(@parcel/core@2.10.1)
      '@parcel/utils': 2.10.1
      nullthrows: 1.1.1
    transitivePeerDependencies:
      - '@parcel/core'
    dev: false

  /@parcel/rust@2.10.1:
    resolution: {integrity: sha512-HBW4QmuzFIb42p9e1MDsr7KnNs1sPIAiml0Zd8GPd0t+bNDR+3YwvFUVEINR7VhQzh3zv+nshL0MFwWVUO/tZw==}
    engines: {node: '>= 12.0.0'}
    dev: false

  /@parcel/source-map@2.1.1:
    resolution: {integrity: sha512-Ejx1P/mj+kMjQb8/y5XxDUn4reGdr+WyKYloBljpppUy8gs42T+BNoEOuRYqDVdgPc6NxduzIDoJS9pOFfV5Ew==}
    engines: {node: ^12.18.3 || >=14}
    dependencies:
      detect-libc: 1.0.3
    dev: false

  /@parcel/transformer-babel@2.10.1(@parcel/core@2.10.1):
    resolution: {integrity: sha512-dwJcdrWB+DeZ3XXirUAtnoFUTAWF5bj774eyonEmcb3Yx3QrtncRf5YnSfP3QXnT+rHQ67fQIdHrb/xw3ndPNQ==}
    engines: {node: '>= 12.0.0', parcel: ^2.10.1}
    dependencies:
      '@parcel/diagnostic': 2.10.1
      '@parcel/plugin': 2.10.1(@parcel/core@2.10.1)
      '@parcel/source-map': 2.1.1
      '@parcel/utils': 2.10.1
      browserslist: 4.22.1
      json5: 2.2.3
      nullthrows: 1.1.1
      semver: 7.5.4
    transitivePeerDependencies:
      - '@parcel/core'
    dev: false

  /@parcel/transformer-js@2.10.1(@parcel/core@2.10.1):
    resolution: {integrity: sha512-Ybc2r6UxRvX0GUSyJLJOC88iaQw2sI8/mVBgAHsuwDRQzuQtE/nccQq+FpTSwsHR9XXzdoKXqb8Vg5dfHiXmlQ==}
    engines: {node: '>= 12.0.0', parcel: ^2.10.1}
    peerDependencies:
      '@parcel/core': ^2.10.1
    dependencies:
      '@parcel/core': 2.10.1
      '@parcel/diagnostic': 2.10.1
      '@parcel/plugin': 2.10.1(@parcel/core@2.10.1)
      '@parcel/rust': 2.10.1
      '@parcel/source-map': 2.1.1
      '@parcel/utils': 2.10.1
      '@parcel/workers': 2.10.1(@parcel/core@2.10.1)
      '@swc/helpers': 0.5.3
      browserslist: 4.22.1
      nullthrows: 1.1.1
      regenerator-runtime: 0.13.11
      semver: 7.5.4
    dev: false

  /@parcel/transformer-json@2.10.1(@parcel/core@2.10.1):
    resolution: {integrity: sha512-yK06/v9NfqeePAEkU+BcXPibAjJljazg3CnJALsQGE8bkm6LnG+cfYNw2URj2AgCl5zQgGn72SlUP1WdDK8PHw==}
    engines: {node: '>= 12.0.0', parcel: ^2.10.1}
    dependencies:
      '@parcel/plugin': 2.10.1(@parcel/core@2.10.1)
      json5: 2.2.3
    transitivePeerDependencies:
      - '@parcel/core'
    dev: false

  /@parcel/transformer-raw@2.10.1(@parcel/core@2.10.1):
    resolution: {integrity: sha512-w+CH/zXDJaz1jKK31M+4ZGPzOyTKAgBVIelJs2j75jw41qFRn/tb9HqKNhPEEXhPhIs2L13D9O0/h1X/tmVK3w==}
    engines: {node: '>= 12.0.0', parcel: ^2.10.1}
    dependencies:
      '@parcel/plugin': 2.10.1(@parcel/core@2.10.1)
    transitivePeerDependencies:
      - '@parcel/core'
    dev: false

  /@parcel/types@2.10.1(@parcel/core@2.10.1):
    resolution: {integrity: sha512-aoVVCL9AJ2wPIZujvAA4prof0RVg5cHZKAx2CrBVFk6RyEwonSGKh0XCqWzqy7Ufuu+M5lmvshJPHGCrMfKLWQ==}
    dependencies:
      '@parcel/cache': 2.10.1(@parcel/core@2.10.1)
      '@parcel/diagnostic': 2.10.1
      '@parcel/fs': 2.10.1(@parcel/core@2.10.1)
      '@parcel/package-manager': 2.10.1(@parcel/core@2.10.1)
      '@parcel/source-map': 2.1.1
      '@parcel/workers': 2.10.1(@parcel/core@2.10.1)
      utility-types: 3.10.0
    transitivePeerDependencies:
      - '@parcel/core'
    dev: false

  /@parcel/utils@2.10.1:
    resolution: {integrity: sha512-Nh3TFaMa8lyjplT8acWVrIUytQGqMLT75Xp711yhs2hB5xHeRdpckLRadk+V5Nyz5g6dyzD2fad6ZpQFp89B+w==}
    engines: {node: '>= 12.0.0'}
    dependencies:
      '@parcel/codeframe': 2.10.1
      '@parcel/diagnostic': 2.10.1
      '@parcel/logger': 2.10.1
      '@parcel/markdown-ansi': 2.10.1
      '@parcel/rust': 2.10.1
      '@parcel/source-map': 2.1.1
      chalk: 4.1.2
      nullthrows: 1.1.1
    dev: false

  /@parcel/watcher-android-arm64@2.3.0:
    resolution: {integrity: sha512-f4o9eA3dgk0XRT3XhB0UWpWpLnKgrh1IwNJKJ7UJek7eTYccQ8LR7XUWFKqw6aEq5KUNlCcGvSzKqSX/vtWVVA==}
    engines: {node: '>= 10.0.0'}
    cpu: [arm64]
    os: [android]
    requiresBuild: true
    dev: false
    optional: true

  /@parcel/watcher-darwin-arm64@2.3.0:
    resolution: {integrity: sha512-mKY+oijI4ahBMc/GygVGvEdOq0L4DxhYgwQqYAz/7yPzuGi79oXrZG52WdpGA1wLBPrYb0T8uBaGFo7I6rvSKw==}
    engines: {node: '>= 10.0.0'}
    cpu: [arm64]
    os: [darwin]
    requiresBuild: true
    dev: false
    optional: true

  /@parcel/watcher-darwin-x64@2.3.0:
    resolution: {integrity: sha512-20oBj8LcEOnLE3mgpy6zuOq8AplPu9NcSSSfyVKgfOhNAc4eF4ob3ldj0xWjGGbOF7Dcy1Tvm6ytvgdjlfUeow==}
    engines: {node: '>= 10.0.0'}
    cpu: [x64]
    os: [darwin]
    requiresBuild: true
    dev: false
    optional: true

  /@parcel/watcher-freebsd-x64@2.3.0:
    resolution: {integrity: sha512-7LftKlaHunueAEiojhCn+Ef2CTXWsLgTl4hq0pkhkTBFI3ssj2bJXmH2L67mKpiAD5dz66JYk4zS66qzdnIOgw==}
    engines: {node: '>= 10.0.0'}
    cpu: [x64]
    os: [freebsd]
    requiresBuild: true
    dev: false
    optional: true

  /@parcel/watcher-linux-arm-glibc@2.3.0:
    resolution: {integrity: sha512-1apPw5cD2xBv1XIHPUlq0cO6iAaEUQ3BcY0ysSyD9Kuyw4MoWm1DV+W9mneWI+1g6OeP6dhikiFE6BlU+AToTQ==}
    engines: {node: '>= 10.0.0'}
    cpu: [arm]
    os: [linux]
    requiresBuild: true
    dev: false
    optional: true

  /@parcel/watcher-linux-arm64-glibc@2.3.0:
    resolution: {integrity: sha512-mQ0gBSQEiq1k/MMkgcSB0Ic47UORZBmWoAWlMrTW6nbAGoLZP+h7AtUM7H3oDu34TBFFvjy4JCGP43JlylkTQA==}
    engines: {node: '>= 10.0.0'}
    cpu: [arm64]
    os: [linux]
    requiresBuild: true
    dev: false
    optional: true

  /@parcel/watcher-linux-arm64-musl@2.3.0:
    resolution: {integrity: sha512-LXZAExpepJew0Gp8ZkJ+xDZaTQjLHv48h0p0Vw2VMFQ8A+RKrAvpFuPVCVwKJCr5SE+zvaG+Etg56qXvTDIedw==}
    engines: {node: '>= 10.0.0'}
    cpu: [arm64]
    os: [linux]
    requiresBuild: true
    dev: false
    optional: true

  /@parcel/watcher-linux-x64-glibc@2.3.0:
    resolution: {integrity: sha512-P7Wo91lKSeSgMTtG7CnBS6WrA5otr1K7shhSjKHNePVmfBHDoAOHYRXgUmhiNfbcGk0uMCHVcdbfxtuiZCHVow==}
    engines: {node: '>= 10.0.0'}
    cpu: [x64]
    os: [linux]
    requiresBuild: true
    dev: false
    optional: true

  /@parcel/watcher-linux-x64-musl@2.3.0:
    resolution: {integrity: sha512-+kiRE1JIq8QdxzwoYY+wzBs9YbJ34guBweTK8nlzLKimn5EQ2b2FSC+tAOpq302BuIMjyuUGvBiUhEcLIGMQ5g==}
    engines: {node: '>= 10.0.0'}
    cpu: [x64]
    os: [linux]
    requiresBuild: true
    dev: false
    optional: true

  /@parcel/watcher-win32-arm64@2.3.0:
    resolution: {integrity: sha512-35gXCnaz1AqIXpG42evcoP2+sNL62gZTMZne3IackM+6QlfMcJLy3DrjuL6Iks7Czpd3j4xRBzez3ADCj1l7Aw==}
    engines: {node: '>= 10.0.0'}
    cpu: [arm64]
    os: [win32]
    requiresBuild: true
    dev: false
    optional: true

  /@parcel/watcher-win32-ia32@2.3.0:
    resolution: {integrity: sha512-FJS/IBQHhRpZ6PiCjFt1UAcPr0YmCLHRbTc00IBTrelEjlmmgIVLeOx4MSXzx2HFEy5Jo5YdhGpxCuqCyDJ5ow==}
    engines: {node: '>= 10.0.0'}
    cpu: [ia32]
    os: [win32]
    requiresBuild: true
    dev: false
    optional: true

  /@parcel/watcher-win32-x64@2.3.0:
    resolution: {integrity: sha512-dLx+0XRdMnVI62kU3wbXvbIRhLck4aE28bIGKbRGS7BJNt54IIj9+c/Dkqb+7DJEbHUZAX1bwaoM8PqVlHJmCA==}
    engines: {node: '>= 10.0.0'}
    cpu: [x64]
    os: [win32]
    requiresBuild: true
    dev: false
    optional: true

  /@parcel/watcher@2.3.0:
    resolution: {integrity: sha512-pW7QaFiL11O0BphO+bq3MgqeX/INAk9jgBldVDYjlQPO4VddoZnF22TcF9onMhnLVHuNqBJeRf+Fj7eezi/+rQ==}
    engines: {node: '>= 10.0.0'}
    dependencies:
      detect-libc: 1.0.3
      is-glob: 4.0.3
      micromatch: 4.0.5
      node-addon-api: 7.0.0
    optionalDependencies:
      '@parcel/watcher-android-arm64': 2.3.0
      '@parcel/watcher-darwin-arm64': 2.3.0
      '@parcel/watcher-darwin-x64': 2.3.0
      '@parcel/watcher-freebsd-x64': 2.3.0
      '@parcel/watcher-linux-arm-glibc': 2.3.0
      '@parcel/watcher-linux-arm64-glibc': 2.3.0
      '@parcel/watcher-linux-arm64-musl': 2.3.0
      '@parcel/watcher-linux-x64-glibc': 2.3.0
      '@parcel/watcher-linux-x64-musl': 2.3.0
      '@parcel/watcher-win32-arm64': 2.3.0
      '@parcel/watcher-win32-ia32': 2.3.0
      '@parcel/watcher-win32-x64': 2.3.0
    dev: false

  /@parcel/workers@2.10.1(@parcel/core@2.10.1):
    resolution: {integrity: sha512-1Z/X53gUQlkx0soLiEgk6Ydi0tFVQOwv0V4KJGg6Rzjcsmjn8ViV8s79Tw0mauCu2KiMJx5ZP0rn6rlFVmbtSQ==}
    engines: {node: '>= 12.0.0'}
    peerDependencies:
      '@parcel/core': ^2.10.1
    dependencies:
      '@parcel/core': 2.10.1
      '@parcel/diagnostic': 2.10.1
      '@parcel/logger': 2.10.1
      '@parcel/profiler': 2.10.1
      '@parcel/types': 2.10.1(@parcel/core@2.10.1)
      '@parcel/utils': 2.10.1
      nullthrows: 1.1.1
    dev: false

  /@swc/core-darwin-arm64@1.3.95:
    resolution: {integrity: sha512-VAuBAP3MNetO/yBIBzvorUXq7lUBwhfpJxYViSxyluMwtoQDhE/XWN598TWMwMl1ZuImb56d7eUsuFdjgY7pJw==}
    engines: {node: '>=10'}
    cpu: [arm64]
    os: [darwin]
    requiresBuild: true
    dev: false
    optional: true

  /@swc/core-darwin-x64@1.3.95:
    resolution: {integrity: sha512-20vF2rvUsN98zGLZc+dsEdHvLoCuiYq/1B+TDeE4oolgTFDmI1jKO+m44PzWjYtKGU9QR95sZ6r/uec0QC5O4Q==}
    engines: {node: '>=10'}
    cpu: [x64]
    os: [darwin]
    requiresBuild: true
    dev: false
    optional: true

  /@swc/core-linux-arm-gnueabihf@1.3.95:
    resolution: {integrity: sha512-oEudEM8PST1MRNGs+zu0cx5i9uP8TsLE4/L9HHrS07Ck0RJ3DCj3O2fU832nmLe2QxnAGPwBpSO9FntLfOiWEQ==}
    engines: {node: '>=10'}
    cpu: [arm]
    os: [linux]
    requiresBuild: true
    dev: false
    optional: true

  /@swc/core-linux-arm64-gnu@1.3.95:
    resolution: {integrity: sha512-pIhFI+cuC1aYg+0NAPxwT/VRb32f2ia8oGxUjQR6aJg65gLkUYQzdwuUmpMtFR2WVf7WVFYxUnjo4UyMuyh3ng==}
    engines: {node: '>=10'}
    cpu: [arm64]
    os: [linux]
    requiresBuild: true
    dev: false
    optional: true

  /@swc/core-linux-arm64-musl@1.3.95:
    resolution: {integrity: sha512-ZpbTr+QZDT4OPJfjPAmScqdKKaT+wGurvMU5AhxLaf85DuL8HwUwwlL0n1oLieLc47DwIJEMuKQkYhXMqmJHlg==}
    engines: {node: '>=10'}
    cpu: [arm64]
    os: [linux]
    requiresBuild: true
    dev: false
    optional: true

  /@swc/core-linux-x64-gnu@1.3.95:
    resolution: {integrity: sha512-n9SuHEFtdfSJ+sHdNXNRuIOVprB8nbsz+08apKfdo4lEKq6IIPBBAk5kVhPhkjmg2dFVHVo4Tr/OHXM1tzWCCw==}
    engines: {node: '>=10'}
    cpu: [x64]
    os: [linux]
    requiresBuild: true
    dev: false
    optional: true

  /@swc/core-linux-x64-musl@1.3.95:
    resolution: {integrity: sha512-L1JrVlsXU3LC0WwmVnMK9HrOT2uhHahAoPNMJnZQpc18a0paO9fqifPG8M/HjNRffMUXR199G/phJsf326UvVg==}
    engines: {node: '>=10'}
    cpu: [x64]
    os: [linux]
    requiresBuild: true
    dev: false
    optional: true

  /@swc/core-win32-arm64-msvc@1.3.95:
    resolution: {integrity: sha512-YaP4x/aZbUyNdqCBpC2zL8b8n58MEpOUpmOIZK6G1SxGi+2ENht7gs7+iXpWPc0sy7X3YPKmSWMAuui0h8lgAA==}
    engines: {node: '>=10'}
    cpu: [arm64]
    os: [win32]
    requiresBuild: true
    dev: false
    optional: true

  /@swc/core-win32-ia32-msvc@1.3.95:
    resolution: {integrity: sha512-w0u3HI916zT4BC/57gOd+AwAEjXeUlQbGJ9H4p/gzs1zkSHtoDQghVUNy3n/ZKp9KFod/95cA8mbVF9t1+6epQ==}
    engines: {node: '>=10'}
    cpu: [ia32]
    os: [win32]
    requiresBuild: true
    dev: false
    optional: true

  /@swc/core-win32-x64-msvc@1.3.95:
    resolution: {integrity: sha512-5RGnMt0S6gg4Gc6QtPUJ3Qs9Un4sKqccEzgH/tj7V/DVTJwKdnBKxFZfgQ34OR2Zpz7zGOn889xwsFVXspVWNA==}
    engines: {node: '>=10'}
    cpu: [x64]
    os: [win32]
    requiresBuild: true
    dev: false
    optional: true

  /@swc/core@1.3.95:
    resolution: {integrity: sha512-PMrNeuqIusq9DPDooV3FfNEbZuTu5jKAc04N3Hm6Uk2Fl49cqElLFQ4xvl4qDmVDz97n3n/C1RE0/f6WyGPEiA==}
    engines: {node: '>=10'}
    requiresBuild: true
    peerDependencies:
      '@swc/helpers': ^0.5.0
    peerDependenciesMeta:
      '@swc/helpers':
        optional: true
    dependencies:
      '@swc/counter': 0.1.2
      '@swc/types': 0.1.5
    optionalDependencies:
      '@swc/core-darwin-arm64': 1.3.95
      '@swc/core-darwin-x64': 1.3.95
      '@swc/core-linux-arm-gnueabihf': 1.3.95
      '@swc/core-linux-arm64-gnu': 1.3.95
      '@swc/core-linux-arm64-musl': 1.3.95
      '@swc/core-linux-x64-gnu': 1.3.95
      '@swc/core-linux-x64-musl': 1.3.95
      '@swc/core-win32-arm64-msvc': 1.3.95
      '@swc/core-win32-ia32-msvc': 1.3.95
      '@swc/core-win32-x64-msvc': 1.3.95
    dev: false

  /@swc/counter@0.1.2:
    resolution: {integrity: sha512-9F4ys4C74eSTEUNndnER3VJ15oru2NumfQxS8geE+f3eB5xvfxpWyqE5XlVnxb/R14uoXi6SLbBwwiDSkv+XEw==}
    dev: false

  /@swc/helpers@0.5.3:
    resolution: {integrity: sha512-FaruWX6KdudYloq1AHD/4nU+UsMTdNE8CKyrseXWEcgjDAbvkwJg2QGPAnfIJLIWsjZOSPLOAykK6fuYp4vp4A==}
    dependencies:
      tslib: 2.6.2
    dev: false

  /@swc/types@0.1.5:
    resolution: {integrity: sha512-myfUej5naTBWnqOCc/MdVOLVjXUXtIA+NpDrDBKJtLLg2shUjBu3cZmB/85RyitKc55+lUUyl7oRfLOvkr2hsw==}
    dev: false

  /abortcontroller-polyfill@1.7.5:
    resolution: {integrity: sha512-JMJ5soJWP18htbbxJjG7bG6yuI6pRhgJ0scHHTfkUjf6wjP912xZWvM+A4sJK3gqd9E8fcPbDnOefbA9Th/FIQ==}
    dev: false

  /ansi-styles@4.3.0:
    resolution: {integrity: sha512-zbB9rCJAT1rbjiVDb2hqKFHNYLxgtk8NURxZ3IZwD3F6NtxbXZQCnnSi1Lkx+IDohdPlFp222wVALIheZJQSEg==}
    engines: {node: '>=8'}
    dependencies:
      color-convert: 2.0.1
    dev: false

  /base-x@3.0.9:
    resolution: {integrity: sha512-H7JU6iBHTal1gp56aKoaa//YUxEaAOUiydvrV/pILqIHXTtqxSkATOnDA2u+jZ/61sD+L/412+7kzXRtWukhpQ==}
    dependencies:
      safe-buffer: 5.2.1
    dev: false

  /braces@3.0.2:
    resolution: {integrity: sha512-b8um+L1RzM3WDSzvhm6gIz1yfTbBt6YTlcEKAvsmqCZZFw46z626lVj9j1yEPW33H5H+lBQpZMP1k8l+78Ha0A==}
    engines: {node: '>=8'}
    dependencies:
      fill-range: 7.0.1
    dev: false

  /browserslist@4.22.1:
    resolution: {integrity: sha512-FEVc202+2iuClEhZhrWy6ZiAcRLvNMyYcxZ8raemul1DYVOVdFsbqckWLdsixQZCpJlwe77Z3UTalE7jsjnKfQ==}
    engines: {node: ^6 || ^7 || ^8 || ^9 || ^10 || ^11 || ^12 || >=13.7}
    hasBin: true
    dependencies:
      caniuse-lite: 1.0.30001558
      electron-to-chromium: 1.4.570
      node-releases: 2.0.13
      update-browserslist-db: 1.0.13(browserslist@4.22.1)
    dev: false

  /caniuse-lite@1.0.30001558:
    resolution: {integrity: sha512-/Et7DwLqpjS47JPEcz6VnxU9PwcIdVi0ciLXRWBQdj1XFye68pSQYpV0QtPTfUKWuOaEig+/Vez2l74eDc1tPQ==}
    dev: false

  /chalk@4.1.2:
    resolution: {integrity: sha512-oKnbhFyRIXpUuez8iBMmyEa4nbj4IOQyuhc/wy9kY7/WVPcwIO9VA668Pu8RkO7+0G76SLROeyw9CpQ061i4mA==}
    engines: {node: '>=10'}
    dependencies:
      ansi-styles: 4.3.0
      supports-color: 7.2.0
    dev: false

  /chrome-trace-event@1.0.3:
    resolution: {integrity: sha512-p3KULyQg4S7NIHixdwbGX+nFHkoBiA4YQmyWtjb8XngSKV124nJmRysgAeujbUVb15vh+RvFUfCPqU7rXk+hZg==}
    engines: {node: '>=6.0'}
    dev: false

  /clone@2.1.2:
    resolution: {integrity: sha512-3Pe/CF1Nn94hyhIYpjtiLhdCoEoz0DqQ+988E9gmeEdQZlojxnOb74wctFyuwWQHzqyf9X7C7MG8juUpqBJT8w==}
    engines: {node: '>=0.8'}
    dev: false

  /color-convert@2.0.1:
    resolution: {integrity: sha512-RRECPsj7iu/xb5oKYcsFHSppFNnsj/52OVTRKb4zP5onXwVF3zVmmToNcOfGC+CRDpfK/U584fMg38ZHCaElKQ==}
    engines: {node: '>=7.0.0'}
    dependencies:
      color-name: 1.1.4
    dev: false

  /color-name@1.1.4:
    resolution: {integrity: sha512-dOy+3AuW3a2wNbZHIuMZpTcgjGuLU/uBL/ubcZF9OXbDo8ff4O8yVp5Bf0efS8uEoYo5q4Fx7dY9OgQGXgAsQA==}
    dev: false

  /detect-libc@1.0.3:
    resolution: {integrity: sha512-pGjwhsmsp4kL2RTz08wcOlGN83otlqHeD/Z5T8GXZB+/YcpQ/dgo+lbU8ZsGxV0HIvqqxo9l7mqYwyYMD9bKDg==}
    engines: {node: '>=0.10'}
    hasBin: true
    dev: false

  /detect-libc@2.0.2:
    resolution: {integrity: sha512-UX6sGumvvqSaXgdKGUsgZWqcUyIXZ/vZTrlRT/iobiKhGL0zL4d3osHj3uqllWJK+i+sixDS/3COVEOFbupFyw==}
    engines: {node: '>=8'}
    dev: false

  /dotenv-expand@5.1.0:
    resolution: {integrity: sha512-YXQl1DSa4/PQyRfgrv6aoNjhasp/p4qs9FjJ4q4cQk+8m4r6k4ZSiEyytKG8f8W9gi8WsQtIObNmKd+tMzNTmA==}
    dev: false

  /dotenv@7.0.0:
    resolution: {integrity: sha512-M3NhsLbV1i6HuGzBUH8vXrtxOk+tWmzWKDMbAVSUp3Zsjm7ywFeuwrUXhmhQyRK1q5B5GGy7hcXPbj3bnfZg2g==}
    engines: {node: '>=6'}
    dev: false

  /electron-to-chromium@1.4.570:
    resolution: {integrity: sha512-5GxH0PLSIfXKOUMMHMCT4M0olwj1WwAxsQHzVW5Vh3kbsvGw8b4k7LHQmTLC2aRhsgFzrF57XJomca4XLc/WHA==}
    dev: false

  /escalade@3.1.1:
    resolution: {integrity: sha512-k0er2gUkLf8O0zKJiAhmkTnJlTvINGv7ygDNPbeIsX/TJjGJZHuh9B2UxbsaEkmlEo9MfhrSzmhIlhRlI2GXnw==}
    engines: {node: '>=6'}
    dev: false

  /fill-range@7.0.1:
    resolution: {integrity: sha512-qOo9F+dMUmC2Lcb4BbVvnKJxTPjCm+RRpe4gDuGrzkL7mEVl/djYSu2OdQ2Pa302N4oqkSg9ir6jaLWJ2USVpQ==}
    engines: {node: '>=8'}
    dependencies:
      to-regex-range: 5.0.1
    dev: false

  /globals@13.23.0:
    resolution: {integrity: sha512-XAmF0RjlrjY23MA51q3HltdlGxUpXPvg0GioKiD9X6HD28iMjo2dKC8Vqwm7lne4GNr78+RHTfliktR6ZH09wA==}
    engines: {node: '>=8'}
    dependencies:
      type-fest: 0.20.2
    dev: false

  /has-flag@4.0.0:
    resolution: {integrity: sha512-EykJT/Q1KjTWctppgIAgfSO0tKVuZUjhgMr17kqTumMl6Afv3EISleU7qZUzoXDFTAHTDC4NOoG/ZxU3EvlMPQ==}
    engines: {node: '>=8'}
    dev: false

  /is-extglob@2.1.1:
    resolution: {integrity: sha512-SbKbANkN603Vi4jEZv49LeVJMn4yGwsbzZworEoyEiutsN3nJYdbO36zfhGJ6QEDpOZIFkDtnq5JRxmvl3jsoQ==}
    engines: {node: '>=0.10.0'}
    dev: false

  /is-glob@4.0.3:
    resolution: {integrity: sha512-xelSayHH36ZgE7ZWhli7pW34hNbNl8Ojv5KVmkJD4hBdD3th8Tfk9vYasLM+mXWOZhFkgZfxhLSnrwRr4elSSg==}
    engines: {node: '>=0.10.0'}
    dependencies:
      is-extglob: 2.1.1
    dev: false

  /is-number@7.0.0:
    resolution: {integrity: sha512-41Cifkg6e8TylSpdtTpeLVMqvSBEVzTttHvERD741+pnZ8ANv0004MRL43QKPDlK9cGvNp6NZWZUBlbGXYxxng==}
    engines: {node: '>=0.12.0'}
    dev: false

  /json5@2.2.3:
    resolution: {integrity: sha512-XmOWe7eyHYH14cLdVPoyg+GOH3rYX++KpzrylJwSW98t3Nk+U8XOl8FWKOgwtzdb8lXGf6zYwDUzeHMWfxasyg==}
    engines: {node: '>=6'}
    hasBin: true
    dev: false

  /lmdb@2.8.5:
    resolution: {integrity: sha512-9bMdFfc80S+vSldBmG3HOuLVHnxRdNTlpzR6QDnzqCQtCzGUEAGTzBKYMeIM+I/sU4oZfgbcbS7X7F65/z/oxQ==}
    hasBin: true
    requiresBuild: true
    dependencies:
      msgpackr: 1.9.9
      node-addon-api: 6.1.0
      node-gyp-build-optional-packages: 5.1.1
      ordered-binary: 1.4.1
      weak-lru-cache: 1.2.2
    optionalDependencies:
      '@lmdb/lmdb-darwin-arm64': 2.8.5
      '@lmdb/lmdb-darwin-x64': 2.8.5
      '@lmdb/lmdb-linux-arm': 2.8.5
      '@lmdb/lmdb-linux-arm64': 2.8.5
      '@lmdb/lmdb-linux-x64': 2.8.5
      '@lmdb/lmdb-win32-x64': 2.8.5
    dev: false

  /lru-cache@6.0.0:
    resolution: {integrity: sha512-Jo6dJ04CmSjuznwJSS3pUeWmd/H0ffTlkXXgwZi+eq1UCmqQwCh+eLsYOYCwY991i2Fah4h1BEMCx4qThGbsiA==}
    engines: {node: '>=10'}
    dependencies:
      yallist: 4.0.0
    dev: false

  /micromatch@4.0.5:
    resolution: {integrity: sha512-DMy+ERcEW2q8Z2Po+WNXuw3c5YaUSFjAO5GsJqfEl7UjvtIuFKO6ZrKvcItdy98dwFI2N1tg3zNIdKaQT+aNdA==}
    engines: {node: '>=8.6'}
    dependencies:
      braces: 3.0.2
      picomatch: 2.3.1
    dev: false

  /msgpackr-extract@3.0.2:
    resolution: {integrity: sha512-SdzXp4kD/Qf8agZ9+iTu6eql0m3kWm1A2y1hkpTeVNENutaB0BwHlSvAIaMxwntmRUAUjon2V4L8Z/njd0Ct8A==}
    hasBin: true
    requiresBuild: true
    dependencies:
      node-gyp-build-optional-packages: 5.0.7
    optionalDependencies:
      '@msgpackr-extract/msgpackr-extract-darwin-arm64': 3.0.2
      '@msgpackr-extract/msgpackr-extract-darwin-x64': 3.0.2
      '@msgpackr-extract/msgpackr-extract-linux-arm': 3.0.2
      '@msgpackr-extract/msgpackr-extract-linux-arm64': 3.0.2
      '@msgpackr-extract/msgpackr-extract-linux-x64': 3.0.2
      '@msgpackr-extract/msgpackr-extract-win32-x64': 3.0.2
    dev: false
    optional: true

  /msgpackr@1.9.9:
    resolution: {integrity: sha512-sbn6mioS2w0lq1O6PpGtsv6Gy8roWM+o3o4Sqjd6DudrL/nOugY+KyJUimoWzHnf9OkO0T6broHFnYE/R05t9A==}
    optionalDependencies:
      msgpackr-extract: 3.0.2
    dev: false

  /node-addon-api@6.1.0:
    resolution: {integrity: sha512-+eawOlIgy680F0kBzPUNFhMZGtJ1YmqM6l4+Crf4IkImjYrO/mqPwRMh352g23uIaQKFItcQ64I7KMaJxHgAVA==}
    dev: false

  /node-addon-api@7.0.0:
    resolution: {integrity: sha512-vgbBJTS4m5/KkE16t5Ly0WW9hz46swAstv0hYYwMtbG7AznRhNyfLRe8HZAiWIpcHzoO7HxhLuBQj9rJ/Ho0ZA==}
    dev: false

  /node-gyp-build-optional-packages@5.0.7:
    resolution: {integrity: sha512-YlCCc6Wffkx0kHkmam79GKvDQ6x+QZkMjFGrIMxgFNILFvGSbCp2fCBC55pGTT9gVaz8Na5CLmxt/urtzRv36w==}
    hasBin: true
    requiresBuild: true
    dev: false
    optional: true

  /node-gyp-build-optional-packages@5.1.1:
    resolution: {integrity: sha512-+P72GAjVAbTxjjwUmwjVrqrdZROD4nf8KgpBoDxqXXTiYZZt/ud60dE5yvCSr9lRO8e8yv6kgJIC0K0PfZFVQw==}
    hasBin: true
    dependencies:
      detect-libc: 2.0.2
    dev: false

  /node-releases@2.0.13:
    resolution: {integrity: sha512-uYr7J37ae/ORWdZeQ1xxMJe3NtdmqMC/JZK+geofDrkLUApKRHPd18/TxtBOJ4A0/+uUIliorNrfYV6s1b02eQ==}
    dev: false

  /nullthrows@1.1.1:
    resolution: {integrity: sha512-2vPPEi+Z7WqML2jZYddDIfy5Dqb0r2fze2zTxNNknZaFpVHU3mFB3R+DWeJWGVx0ecvttSGlJTI+WG+8Z4cDWw==}
    dev: false

  /ordered-binary@1.4.1:
    resolution: {integrity: sha512-9LtiGlPy982CsgxZvJGNNp2/NnrgEr6EAyN3iIEP3/8vd3YLgAZQHbQ75ZrkfBRGrNg37Dk3U6tuVb+B4Xfslg==}
    dev: false

  /picocolors@1.0.0:
    resolution: {integrity: sha512-1fygroTLlHu66zi26VoTDv8yRgm0Fccecssto+MhsZ0D/DGW2sm8E8AjW7NU5VVTRt5GxbeZ5qBuJr+HyLYkjQ==}
    dev: false

  /picomatch@2.3.1:
    resolution: {integrity: sha512-JU3teHTNjmE2VCGFzuY8EXzCDVwEqB2a8fsIvwaStHhAWJEeVd1o1QD80CU6+ZdEXXSLbSsuLwJjkCBWqRQUVA==}
    engines: {node: '>=8.6'}
    dev: false

  /regenerator-runtime@0.13.11:
    resolution: {integrity: sha512-kY1AZVr2Ra+t+piVaJ4gxaFaReZVH40AKNo7UCX6W+dEwBo/2oZJzqfuN1qLq1oL45o56cPaTXELwrTh8Fpggg==}
    dev: false

  /safe-buffer@5.2.1:
    resolution: {integrity: sha512-rp3So07KcdmmKbGvgaNxQSJr7bGVSVk5S9Eq1F+ppbRo70+YeaDxkw5Dd8NPN+GD6bjnYm2VuPuCXmpuYvmCXQ==}
    dev: false

  /semver@7.5.4:
    resolution: {integrity: sha512-1bCSESV6Pv+i21Hvpxp3Dx+pSD8lIPt8uVjRrxAUt/nbswYc+tK6Y2btiULjd4+fnq15PX+nqQDC7Oft7WkwcA==}
    engines: {node: '>=10'}
    hasBin: true
    dependencies:
      lru-cache: 6.0.0
    dev: false

  /supports-color@7.2.0:
    resolution: {integrity: sha512-qpCAvRl9stuOHveKsn7HncJRvv501qIacKzQlO/+Lwxc9+0q2wLyv4Dfvt80/DPn2pqOBsJdDiogXGR9+OvwRw==}
    engines: {node: '>=8'}
    dependencies:
      has-flag: 4.0.0
    dev: false

  /to-regex-range@5.0.1:
    resolution: {integrity: sha512-65P7iz6X5yEr1cwcgvQxbbIw7Uk3gOy5dIdtZ4rDveLqhrdJP+Li/Hx6tyK0NEb+2GCyneCMJiGqrADCSNk8sQ==}
    engines: {node: '>=8.0'}
    dependencies:
      is-number: 7.0.0
    dev: false

  /tslib@2.6.2:
    resolution: {integrity: sha512-AEYxH93jGFPn/a2iVAwW87VuUIkR1FVUKB77NwMF7nBTDkDrrT/Hpt/IrCJ0QXhW27jTBDcf5ZY7w6RiqTMw2Q==}
    dev: false

  /type-fest@0.20.2:
    resolution: {integrity: sha512-Ne+eE4r0/iWnpAxD852z3A+N0Bt5RN//NjJwRd2VFHEmrywxf5vsZlh4R6lixl6B+wz/8d+maTSAkN1FIkI3LQ==}
    engines: {node: '>=10'}
    dev: false

  /update-browserslist-db@1.0.13(browserslist@4.22.1):
    resolution: {integrity: sha512-xebP81SNcPuNpPP3uzeW1NYXxI3rxyJzF3pD6sH4jE7o/IX+WtSpwnVU+qIsDPyk0d3hmFQ7mjqc6AtV604hbg==}
    hasBin: true
    peerDependencies:
      browserslist: '>= 4.21.0'
    dependencies:
      browserslist: 4.22.1
      escalade: 3.1.1
      picocolors: 1.0.0
    dev: false

  /utility-types@3.10.0:
    resolution: {integrity: sha512-O11mqxmi7wMKCo6HKFt5AhO4BwY3VV68YU07tgxfz8zJTIxr4BpsezN49Ffwy9j3ZpwwJp4fkRwjRzq3uWE6Rg==}
    engines: {node: '>= 4'}
    dev: false

  /weak-lru-cache@1.2.2:
    resolution: {integrity: sha512-DEAoo25RfSYMuTGc9vPJzZcZullwIqRDSI9LOy+fkCJPi6hykCnfKaXTuPBDuXAUcqHXyOgFtHNp/kB2FjYHbw==}
    dev: false

  /yallist@4.0.0:
    resolution: {integrity: sha512-3wdGidZyq5PB084XLES5TpOSRA3wjXAlIWMhum2kRcv/41Sn2emQ0dycQW4uZXLejwKvg6EsvbdlVL+FYEct7A==}
    dev: false
